
Microsoft Visual Studio Solution File, Format Version 12.00
# Visual Studio Version 16
VisualStudioVersion = 16.0.31624.102
MinimumVisualStudioVersion = 10.0.40219.1
Project("{FAE04EC0-301F-11D3-BF4B-00C04F79EFBC}") = "Senai.Rental.WebApi", "Senai.Rental.WebApi\Senai.Rental.WebApi.csproj", "{AFEAC4B0-34EF-4266-BC4E-1B54990C6CA5}"
EndProject
Global
	GlobalSection(SolutionConfigurationPlatforms) = preSolution
		Debug|Any CPU = Debug|Any CPU
		Release|Any CPU = Release|Any CPU
	EndGlobalSection
	GlobalSection(ProjectConfigurationPlatforms) = postSolution
		{AFEAC4B0-34EF-4266-BC4E-1B54990C6CA5}.Debug|Any CPU.ActiveCfg = Debug|Any CPU
		{AFEAC4B0-34EF-4266-BC4E-1B54990C6CA5}.Debug|Any CPU.Build.0 = Debug|Any CPU
		{AFEAC4B0-34EF-4266-BC4E-1B54990C6CA5}.Release|Any CPU.ActiveCfg = Release|Any CPU
		{AFEAC4B0-34EF-4266-BC4E-1B54990C6CA5}.Release|Any CPU.Build.0 = Release|Any CPU
	EndGlobalSection
	GlobalSection(SolutionProperties) = preSolution
		HideSolutionNode = FALSE
	EndGlobalSection
	GlobalSection(ExtensibilityGlobals) = postSolution
		SolutionGuid = {B15BA519-F4EF-4733-B273-867299D59842}
	EndGlobalSection
EndGlobal
